
Microsoft Visual Studio Solution File, Format Version 12.00
# Visual Studio Version 16
VisualStudioVersion = 16.0.29326.143
MinimumVisualStudioVersion = 10.0.40219.1
Project("{FAE04EC0-301F-11D3-BF4B-00C04F79EFBC}") = "Delta", "Delta\Delta.csproj", "{380E2C7E-210C-4802-A244-2BDBA3389BEF}"
EndProject
Global
	GlobalSection(SolutionConfigurationPlatforms) = preSolution
		Debug|Any CPU = Debug|Any CPU
		Release|Any CPU = Release|Any CPU
	EndGlobalSection
	GlobalSection(ProjectConfigurationPlatforms) = postSolution
		{380E2C7E-210C-4802-A244-2BDBA3389BEF}.Debug|Any CPU.ActiveCfg = Debug|Any CPU
		{380E2C7E-210C-4802-A244-2BDBA3389BEF}.Debug|Any CPU.Build.0 = Debug|Any CPU
		{380E2C7E-210C-4802-A244-2BDBA3389BEF}.Release|Any CPU.ActiveCfg = Release|Any CPU
		{380E2C7E-210C-4802-A244-2BDBA3389BEF}.Release|Any CPU.Build.0 = Release|Any CPU
	EndGlobalSection
	GlobalSection(SolutionProperties) = preSolution
		HideSolutionNode = FALSE
	EndGlobalSection
	GlobalSection(ExtensibilityGlobals) = postSolution
		SolutionGuid = {68AB20D8-F9AB-476C-8E39-FCE62A7384DC}
	EndGlobalSection
EndGlobal
