
Microsoft Visual Studio Solution File, Format Version 12.00
# Visual Studio Version 16
VisualStudioVersion = 16.0.29326.143
MinimumVisualStudioVersion = 10.0.40219.1
Project("{FAE04EC0-301F-11D3-BF4B-00C04F79EFBC}") = "Liczba Pierwsza", "Liczba Pierwsza\Liczba Pierwsza.csproj", "{31A1EF95-E7F0-4D09-AA19-B6F84D8AA106}"
EndProject
Global
	GlobalSection(SolutionConfigurationPlatforms) = preSolution
		Debug|Any CPU = Debug|Any CPU
		Release|Any CPU = Release|Any CPU
	EndGlobalSection
	GlobalSection(ProjectConfigurationPlatforms) = postSolution
		{31A1EF95-E7F0-4D09-AA19-B6F84D8AA106}.Debug|Any CPU.ActiveCfg = Debug|Any CPU
		{31A1EF95-E7F0-4D09-AA19-B6F84D8AA106}.Debug|Any CPU.Build.0 = Debug|Any CPU
		{31A1EF95-E7F0-4D09-AA19-B6F84D8AA106}.Release|Any CPU.ActiveCfg = Release|Any CPU
		{31A1EF95-E7F0-4D09-AA19-B6F84D8AA106}.Release|Any CPU.Build.0 = Release|Any CPU
	EndGlobalSection
	GlobalSection(SolutionProperties) = preSolution
		HideSolutionNode = FALSE
	EndGlobalSection
	GlobalSection(ExtensibilityGlobals) = postSolution
		SolutionGuid = {8625D6C4-EDDB-4B45-B42A-D2E85F7066FC}
	EndGlobalSection
EndGlobal
